
Microsoft Visual Studio Solution File, Format Version 12.00
# Visual Studio Version 17
VisualStudioVersion = 17.12.35527.113
MinimumVisualStudioVersion = 10.0.40219.1
Project("{2150E333-8FDC-42A3-9474-1A3956D46DE8}") = "Apps", "Apps", "{18011F91-E58F-4097-9BA4-7AB7E1C7AADB}"
EndProject
Project("{2150E333-8FDC-42A3-9474-1A3956D46DE8}") = "Frameworks", "Frameworks", "{5D8685DA-30F1-47FF-9DEB-205020C54182}"
EndProject
Project("{2150E333-8FDC-42A3-9474-1A3956D46DE8}") = "Test", "Test", "{EF8F9E79-4FDA-423B-B1E6-6277F46A7E58}"
EndProject
Project("{FAE04EC0-301F-11D3-BF4B-00C04F79EFBC}") = "BookStore.WebApi", "BookStore.WebApi\BookStore.WebApi.csproj", "{D374B47E-AD94-4F0B-B286-C2BB067123AC}"
EndProject
Project("{FAE04EC0-301F-11D3-BF4B-00C04F79EFBC}") = "BookStore.DataAccess", "BookStore.DataAccess\BookStore.DataAccess.csproj", "{95238BA0-F66C-4A61-B2CF-B5B908F2B943}"
EndProject
Project("{FAE04EC0-301F-11D3-BF4B-00C04F79EFBC}") = "BookStore.Domain", "BookStore.Model\BookStore.Domain.csproj", "{864D38F2-7D8F-49B7-83C8-18660D938FE7}"
EndProject
Project("{FAE04EC0-301F-11D3-BF4B-00C04F79EFBC}") = "BookStore.Core", "BookStore.Core\BookStore.Core.csproj", "{E613E2A6-990A-4A06-BB32-1F4D6AA6AF32}"
EndProject
Project("{FAE04EC0-301F-11D3-BF4B-00C04F79EFBC}") = "BookStore.Tests", "BookStore.Tests\BookStore.Tests.csproj", "{88AB1F2D-9DF3-404F-A9F0-16286D4F9954}"
EndProject
Global
	GlobalSection(SolutionConfigurationPlatforms) = preSolution
		Debug|Any CPU = Debug|Any CPU
		Release|Any CPU = Release|Any CPU
	EndGlobalSection
	GlobalSection(ProjectConfigurationPlatforms) = postSolution
		{D374B47E-AD94-4F0B-B286-C2BB067123AC}.Debug|Any CPU.ActiveCfg = Debug|Any CPU
		{D374B47E-AD94-4F0B-B286-C2BB067123AC}.Debug|Any CPU.Build.0 = Debug|Any CPU
		{D374B47E-AD94-4F0B-B286-C2BB067123AC}.Release|Any CPU.ActiveCfg = Release|Any CPU
		{D374B47E-AD94-4F0B-B286-C2BB067123AC}.Release|Any CPU.Build.0 = Release|Any CPU
		{95238BA0-F66C-4A61-B2CF-B5B908F2B943}.Debug|Any CPU.ActiveCfg = Debug|Any CPU
		{95238BA0-F66C-4A61-B2CF-B5B908F2B943}.Debug|Any CPU.Build.0 = Debug|Any CPU
		{95238BA0-F66C-4A61-B2CF-B5B908F2B943}.Release|Any CPU.ActiveCfg = Release|Any CPU
		{95238BA0-F66C-4A61-B2CF-B5B908F2B943}.Release|Any CPU.Build.0 = Release|Any CPU
		{864D38F2-7D8F-49B7-83C8-18660D938FE7}.Debug|Any CPU.ActiveCfg = Debug|Any CPU
		{864D38F2-7D8F-49B7-83C8-18660D938FE7}.Debug|Any CPU.Build.0 = Debug|Any CPU
		{864D38F2-7D8F-49B7-83C8-18660D938FE7}.Release|Any CPU.ActiveCfg = Release|Any CPU
		{864D38F2-7D8F-49B7-83C8-18660D938FE7}.Release|Any CPU.Build.0 = Release|Any CPU
		{E613E2A6-990A-4A06-BB32-1F4D6AA6AF32}.Debug|Any CPU.ActiveCfg = Debug|Any CPU
		{E613E2A6-990A-4A06-BB32-1F4D6AA6AF32}.Debug|Any CPU.Build.0 = Debug|Any CPU
		{E613E2A6-990A-4A06-BB32-1F4D6AA6AF32}.Release|Any CPU.ActiveCfg = Release|Any CPU
		{E613E2A6-990A-4A06-BB32-1F4D6AA6AF32}.Release|Any CPU.Build.0 = Release|Any CPU
		{88AB1F2D-9DF3-404F-A9F0-16286D4F9954}.Debug|Any CPU.ActiveCfg = Debug|Any CPU
		{88AB1F2D-9DF3-404F-A9F0-16286D4F9954}.Debug|Any CPU.Build.0 = Debug|Any CPU
		{88AB1F2D-9DF3-404F-A9F0-16286D4F9954}.Release|Any CPU.ActiveCfg = Release|Any CPU
		{88AB1F2D-9DF3-404F-A9F0-16286D4F9954}.Release|Any CPU.Build.0 = Release|Any CPU
	EndGlobalSection
	GlobalSection(SolutionProperties) = preSolution
		HideSolutionNode = FALSE
	EndGlobalSection
	GlobalSection(NestedProjects) = preSolution
		{D374B47E-AD94-4F0B-B286-C2BB067123AC} = {18011F91-E58F-4097-9BA4-7AB7E1C7AADB}
		{95238BA0-F66C-4A61-B2CF-B5B908F2B943} = {5D8685DA-30F1-47FF-9DEB-205020C54182}
		{864D38F2-7D8F-49B7-83C8-18660D938FE7} = {5D8685DA-30F1-47FF-9DEB-205020C54182}
		{E613E2A6-990A-4A06-BB32-1F4D6AA6AF32} = {5D8685DA-30F1-47FF-9DEB-205020C54182}
		{88AB1F2D-9DF3-404F-A9F0-16286D4F9954} = {EF8F9E79-4FDA-423B-B1E6-6277F46A7E58}
	EndGlobalSection
EndGlobal
